
Microsoft Visual Studio Solution File, Format Version 12.00
# Visual Studio Version 16
VisualStudioVersion = 16.0.33927.289
MinimumVisualStudioVersion = 10.0.40219.1
Project("{FAE04EC0-301F-11D3-BF4B-00C04F79EFBC}") = "DoanVoVanTrong_2906", "DoanVoVanTrong_2906\DoanVoVanTrong_2906.csproj", "{AC9AE4BE-39F9-47AA-9C16-543C3D0EE092}"
EndProject
Global
	GlobalSection(SolutionConfigurationPlatforms) = preSolution
		Debug|Any CPU = Debug|Any CPU
		Release|Any CPU = Release|Any CPU
	EndGlobalSection
	GlobalSection(ProjectConfigurationPlatforms) = postSolution
		{AC9AE4BE-39F9-47AA-9C16-543C3D0EE092}.Debug|Any CPU.ActiveCfg = Debug|Any CPU
		{AC9AE4BE-39F9-47AA-9C16-543C3D0EE092}.Debug|Any CPU.Build.0 = Debug|Any CPU
		{AC9AE4BE-39F9-47AA-9C16-543C3D0EE092}.Release|Any CPU.ActiveCfg = Release|Any CPU
		{AC9AE4BE-39F9-47AA-9C16-543C3D0EE092}.Release|Any CPU.Build.0 = Release|Any CPU
	EndGlobalSection
	GlobalSection(SolutionProperties) = preSolution
		HideSolutionNode = FALSE
	EndGlobalSection
	GlobalSection(ExtensibilityGlobals) = postSolution
		SolutionGuid = {F547D918-4B16-4416-A558-033B553FFB91}
	EndGlobalSection
EndGlobal
