
Microsoft Visual Studio Solution File, Format Version 12.00
# Visual Studio Version 16
VisualStudioVersion = 16.0.34301.259
MinimumVisualStudioVersion = 10.0.40219.1
Project("{FAE04EC0-301F-11D3-BF4B-00C04F79EFBC}") = "OnTapThi", "OnTapThi\OnTapThi.csproj", "{8F2315C0-5FA6-4979-803C-1D4A6B7569D5}"
EndProject
Global
	GlobalSection(SolutionConfigurationPlatforms) = preSolution
		Debug|Any CPU = Debug|Any CPU
		Release|Any CPU = Release|Any CPU
	EndGlobalSection
	GlobalSection(ProjectConfigurationPlatforms) = postSolution
		{8F2315C0-5FA6-4979-803C-1D4A6B7569D5}.Debug|Any CPU.ActiveCfg = Debug|Any CPU
		{8F2315C0-5FA6-4979-803C-1D4A6B7569D5}.Debug|Any CPU.Build.0 = Debug|Any CPU
		{8F2315C0-5FA6-4979-803C-1D4A6B7569D5}.Release|Any CPU.ActiveCfg = Release|Any CPU
		{8F2315C0-5FA6-4979-803C-1D4A6B7569D5}.Release|Any CPU.Build.0 = Release|Any CPU
	EndGlobalSection
	GlobalSection(SolutionProperties) = preSolution
		HideSolutionNode = FALSE
	EndGlobalSection
	GlobalSection(ExtensibilityGlobals) = postSolution
		SolutionGuid = {8B2227ED-1A75-47B0-91B1-DC77EEE015C4}
	EndGlobalSection
EndGlobal
