
Microsoft Visual Studio Solution File, Format Version 12.00
# Visual Studio Version 16
VisualStudioVersion = 16.0.34301.259
MinimumVisualStudioVersion = 10.0.40219.1
Project("{FAE04EC0-301F-11D3-BF4B-00C04F79EFBC}") = "NguyenQuocKhanh_4770", "NguyenQuocKhanh_4770\NguyenQuocKhanh_4770.csproj", "{D940E5E0-0152-441C-BB8F-82A142F0CBE8}"
EndProject
Global
	GlobalSection(SolutionConfigurationPlatforms) = preSolution
		Debug|Any CPU = Debug|Any CPU
		Release|Any CPU = Release|Any CPU
	EndGlobalSection
	GlobalSection(ProjectConfigurationPlatforms) = postSolution
		{D940E5E0-0152-441C-BB8F-82A142F0CBE8}.Debug|Any CPU.ActiveCfg = Debug|Any CPU
		{D940E5E0-0152-441C-BB8F-82A142F0CBE8}.Debug|Any CPU.Build.0 = Debug|Any CPU
		{D940E5E0-0152-441C-BB8F-82A142F0CBE8}.Release|Any CPU.ActiveCfg = Release|Any CPU
		{D940E5E0-0152-441C-BB8F-82A142F0CBE8}.Release|Any CPU.Build.0 = Release|Any CPU
	EndGlobalSection
	GlobalSection(SolutionProperties) = preSolution
		HideSolutionNode = FALSE
	EndGlobalSection
	GlobalSection(ExtensibilityGlobals) = postSolution
		SolutionGuid = {5106DAB4-C1C4-4E5E-AE0C-66622FD2A00D}
	EndGlobalSection
EndGlobal
